
Microsoft Visual Studio Solution File, Format Version 12.00
# Visual Studio 14
VisualStudioVersion = 14.0.25420.1
MinimumVisualStudioVersion = 10.0.40219.1
Project("{FAE04EC0-301F-11D3-BF4B-00C04F79EFBC}") = "XXL Default Input Overlay", "XXL Default Input Overlay\XXL Default Input Overlay.csproj", "{B28536D4-9BBB-4DED-B3D5-AF27A828E96C}"
EndProject
Global
	GlobalSection(SolutionConfigurationPlatforms) = preSolution
		Debug|Any CPU = Debug|Any CPU
		Release|Any CPU = Release|Any CPU
	EndGlobalSection
	GlobalSection(ProjectConfigurationPlatforms) = postSolution
		{B28536D4-9BBB-4DED-B3D5-AF27A828E96C}.Debug|Any CPU.ActiveCfg = Debug|Any CPU
		{B28536D4-9BBB-4DED-B3D5-AF27A828E96C}.Debug|Any CPU.Build.0 = Debug|Any CPU
		{B28536D4-9BBB-4DED-B3D5-AF27A828E96C}.Release|Any CPU.ActiveCfg = Release|Any CPU
		{B28536D4-9BBB-4DED-B3D5-AF27A828E96C}.Release|Any CPU.Build.0 = Release|Any CPU
	EndGlobalSection
	GlobalSection(SolutionProperties) = preSolution
		HideSolutionNode = FALSE
	EndGlobalSection
EndGlobal
